
Microsoft Visual Studio Solution File, Format Version 12.00
# Visual Studio Version 16
VisualStudioVersion = 16.0.29609.76
MinimumVisualStudioVersion = 10.0.40219.1
Project("{FAE04EC0-301F-11D3-BF4B-00C04F79EFBC}") = "Deliverable 1", "Deliverable 1\Deliverable 1.csproj", "{99555A44-D8C5-4A3F-BDBC-4D5EC5436B03}"
EndProject
Global
	GlobalSection(SolutionConfigurationPlatforms) = preSolution
		Debug|Any CPU = Debug|Any CPU
		Release|Any CPU = Release|Any CPU
	EndGlobalSection
	GlobalSection(ProjectConfigurationPlatforms) = postSolution
		{99555A44-D8C5-4A3F-BDBC-4D5EC5436B03}.Debug|Any CPU.ActiveCfg = Debug|Any CPU
		{99555A44-D8C5-4A3F-BDBC-4D5EC5436B03}.Debug|Any CPU.Build.0 = Debug|Any CPU
		{99555A44-D8C5-4A3F-BDBC-4D5EC5436B03}.Release|Any CPU.ActiveCfg = Release|Any CPU
		{99555A44-D8C5-4A3F-BDBC-4D5EC5436B03}.Release|Any CPU.Build.0 = Release|Any CPU
	EndGlobalSection
	GlobalSection(SolutionProperties) = preSolution
		HideSolutionNode = FALSE
	EndGlobalSection
	GlobalSection(ExtensibilityGlobals) = postSolution
		SolutionGuid = {4E01D7C4-D256-45EB-835B-7C97FB3BBFCA}
	EndGlobalSection
EndGlobal
